// !$*UTF8*$!
{
	archiveVersion = 1;
	classes = {
	};
	objectVersion = 46;
	objects = {

/* Begin PBXBuildFile section */
		90EB7E5F1B82EBB8004A834F /* AppDelegate.swift in Sources */ = {isa = PBXBuildFile; fileRef = 90EB7E5E1B82EBB8004A834F /* AppDelegate.swift */; };
		90EB7E611B82EBB8004A834F /* ViewController.swift in Sources */ = {isa = PBXBuildFile; fileRef = 90EB7E601B82EBB8004A834F /* ViewController.swift */; };
		90EB7E641B82EBB8004A834F /* Main.storyboard in Resources */ = {isa = PBXBuildFile; fileRef = 90EB7E621B82EBB8004A834F /* Main.storyboard */; };
		90EB7E661B82EBB8004A834F /* Images.xcassets in Resources */ = {isa = PBXBuildFile; fileRef = 90EB7E651B82EBB8004A834F /* Images.xcassets */; };
		90EB7E691B82EBB8004A834F /* LaunchScreen.xib in Resources */ = {isa = PBXBuildFile; fileRef = 90EB7E671B82EBB8004A834F /* LaunchScreen.xib */; };
		90EB7E751B82EBB8004A834F /* PhotoFiltersTests.swift in Sources */ = {isa = PBXBuildFile; fileRef = 90EB7E741B82EBB8004A834F /* PhotoFiltersTests.swift */; };
/* End PBXBuildFile section */

/* Begin PBXContainerItemProxy section */
		90EB7E6F1B82EBB8004A834F /* PBXContainerItemProxy */ = {
			isa = PBXContainerItemProxy;
			containerPortal = 90EB7E511B82EBB8004A834F /* Project object */;
			proxyType = 1;
			remoteGlobalIDString = 90EB7E581B82EBB8004A834F;
			remoteInfo = PhotoFilters;
		};
/* End PBXContainerItemProxy section */

/* Begin PBXFileReference section */
		90EB7E591B82EBB8004A834F /* PhotoFilters.app */ = {isa = PBXFileReference; explicitFileType = wrapper.application; includeInIndex = 0; path = PhotoFilters.app; sourceTree = BUILT_PRODUCTS_DIR; };
		90EB7E5D1B82EBB8004A834F /* Info.plist */ = {isa = PBXFileReference; lastKnownFileType = text.plist.xml; path = Info.plist; sourceTree = "<group>"; };
		90EB7E5E1B82EBB8004A834F /* AppDelegate.swift */ = {isa = PBXFileReference; lastKnownFileType = sourcecode.swift; path = AppDelegate.swift; sourceTree = "<group>"; };
		90EB7E601B82EBB8004A834F /* ViewController.swift */ = {isa = PBXFileReference; lastKnownFileType = sourcecode.swift; path = ViewController.swift; sourceTree = "<group>"; };
		90EB7E631B82EBB8004A834F /* Base */ = {isa = PBXFileReference; lastKnownFileType = file.storyboard; name = Base; path = Base.lproj/Main.storyboard; sourceTree = "<group>"; };
		90EB7E651B82EBB8004A834F /* Images.xcassets */ = {isa = PBXFileReference; lastKnownFileType = folder.assetcatalog; path = Images.xcassets; sourceTree = "<group>"; };
		90EB7E681B82EBB8004A834F /* Base */ = {isa = PBXFileReference; lastKnownFileType = file.xib; name = Base; path = Base.lproj/LaunchScreen.xib; sourceTree = "<group>"; };
		90EB7E6E1B82EBB8004A834F /* PhotoFiltersTests.xctest */ = {isa = PBXFileReference; explicitFileType = wrapper.cfbundle; includeInIndex = 0; path = PhotoFiltersTests.xctest; sourceTree = BUILT_PRODUCTS_DIR; };
		90EB7E731B82EBB8004A834F /* Info.plist */ = {isa = PBXFileReference; lastKnownFileType = text.plist.xml; path = Info.plist; sourceTree = "<group>"; };
		90EB7E741B82EBB8004A834F /* PhotoFiltersTests.swift */ = {isa = PBXFileReference; lastKnownFileType = sourcecode.swift; path = PhotoFiltersTests.swift; sourceTree = "<group>"; };
/* End PBXFileReference section */

/* Begin PBXFrameworksBuildPhase section */
		90EB7E561B82EBB8004A834F /* Frameworks */ = {
			isa = PBXFrameworksBuildPhase;
			buildActionMask = 2147483647;
			files = (
			);
			runOnlyForDeploymentPostprocessing = 0;
		};
		90EB7E6B1B82EBB8004A834F /* Frameworks */ = {
			isa = PBXFrameworksBuildPhase;
			buildActionMask = 2147483647;
			files = (
			);
			runOnlyForDeploymentPostprocessing = 0;
		};
/* End PBXFrameworksBuildPhase section */

/* Begin PBXGroup section */
		90EB7E501B82EBB8004A834F = {
			isa = PBXGroup;
			children = (
				90EB7E5B1B82EBB8004A834F /* PhotoFilters */,
				90EB7E711B82EBB8004A834F /* PhotoFiltersTests */,
				90EB7E5A1B82EBB8004A834F /* Products */,
			);
			sourceTree = "<group>";
		};
		90EB7E5A1B82EBB8004A834F /* Products */ = {
			isa = PBXGroup;
			children = (
				90EB7E591B82EBB8004A834F /* PhotoFilters.app */,
				90EB7E6E1B82EBB8004A834F /* PhotoFiltersTests.xctest */,
			);
			name = Products;
			sourceTree = "<group>";
		};
		90EB7E5B1B82EBB8004A834F /* PhotoFilters */ = {
			isa = PBXGroup;
			children = (
				90EB7E5E1B82EBB8004A834F /* AppDelegate.swift */,
				90EB7E601B82EBB8004A834F /* ViewController.swift */,
				90EB7E621B82EBB8004A834F /* Main.storyboard */,
				90EB7E651B82EBB8004A834F /* Images.xcassets */,
				90EB7E671B82EBB8004A834F /* LaunchScreen.xib */,
				90EB7E5C1B82EBB8004A834F /* Supporting Files */,
			);
			path = PhotoFilters;
			sourceTree = "<group>";
		};
		90EB7E5C1B82EBB8004A834F /* Supporting Files */ = {
			isa = PBXGroup;
			children = (
				90EB7E5D1B82EBB8004A834F /* Info.plist */,
			);
			name = "Supporting Files";
			sourceTree = "<group>";
		};
		90EB7E711B82EBB8004A834F /* PhotoFiltersTests */ = {
			isa = PBXGroup;
			children = (
				90EB7E741B82EBB8004A834F /* PhotoFiltersTests.swift */,
				90EB7E721B82EBB8004A834F /* Supporting Files */,
			);
			path = PhotoFiltersTests;
			sourceTree = "<group>";
		};
		90EB7E721B82EBB8004A834F /* Supporting Files */ = {
			isa = PBXGroup;
			children = (
				90EB7E731B82EBB8004A834F /* Info.plist */,
			);
			name = "Supporting Files";
			sourceTree = "<group>";
		};
/* End PBXGroup section */

/* Begin PBXNativeTarget section */
		90EB7E581B82EBB8004A834F /* PhotoFilters */ = {
			isa = PBXNativeTarget;
			buildConfigurationList = 90EB7E781B82EBB8004A834F /* Build configuration list for PBXNativeTarget "PhotoFilters" */;
			buildPhases = (
				90EB7E551B82EBB8004A834F /* Sources */,
				90EB7E561B82EBB8004A834F /* Frameworks */,
				90EB7E571B82EBB8004A834F /* Resources */,
			);
			buildRules = (
			);
			dependencies = (
			);
			name = PhotoFilters;
			productName = PhotoFilters;
			productReference = 90EB7E591B82EBB8004A834F /* PhotoFilters.app */;
			productType = "com.apple.product-type.application";
		};
		90EB7E6D1B82EBB8004A834F /* PhotoFiltersTests */ = {
			isa = PBXNativeTarget;
			buildConfigurationList = 90EB7E7B1B82EBB8004A834F /* Build configuration list for PBXNativeTarget "PhotoFiltersTests" */;
			buildPhases = (
				90EB7E6A1B82EBB8004A834F /* Sources */,
				90EB7E6B1B82EBB8004A834F /* Frameworks */,
				90EB7E6C1B82EBB8004A834F /* Resources */,
			);
			buildRules = (
			);
			dependencies = (
				90EB7E701B82EBB8004A834F /* PBXTargetDependency */,
			);
			name = PhotoFiltersTests;
			productName = PhotoFiltersTests;
			productReference = 90EB7E6E1B82EBB8004A834F /* PhotoFiltersTests.xctest */;
			productType = "com.apple.product-type.bundle.unit-test";
		};
/* End PBXNativeTarget section */

/* Begin PBXProject section */
		90EB7E511B82EBB8004A834F /* Project object */ = {
			isa = PBXProject;
			attributes = {
				LastUpgradeCheck = 0620;
				ORGANIZATIONNAME = "Stephanie Li-Diaz";
				TargetAttributes = {
					90EB7E581B82EBB8004A834F = {
						CreatedOnToolsVersion = 6.2;
					};
					90EB7E6D1B82EBB8004A834F = {
						CreatedOnToolsVersion = 6.2;
						TestTargetID = 90EB7E581B82EBB8004A834F;
					};
				};
			};
			buildConfigurationList = 90EB7E541B82EBB8004A834F /* Build configuration list for PBXProject "PhotoFilters" */;
			compatibilityVersion = "Xcode 3.2";
			developmentRegion = English;
			hasScannedForEncodings = 0;
			knownRegions = (
				en,
				Base,
			);
			mainGroup = 90EB7E501B82EBB8004A834F;
			productRefGroup = 90EB7E5A1B82EBB8004A834F /* Products */;
			projectDirPath = "";
			projectRoot = "";
			targets = (
				90EB7E581B82EBB8004A834F /* PhotoFilters */,
				90EB7E6D1B82EBB8004A834F /* PhotoFiltersTests */,
			);
		};
/* End PBXProject section */

/* Begin PBXResourcesBuildPhase section */
		90EB7E571B82EBB8004A834F /* Resources */ = {
			isa = PBXResourcesBuildPhase;
			buildActionMask = 2147483647;
			files = (
				90EB7E641B82EBB8004A834F /* Main.storyboard in Resources */,
				90EB7E691B82EBB8004A834F /* LaunchScreen.xib in Resources */,
				90EB7E661B82EBB8004A834F /* Images.xcassets in Resources */,
			);
			runOnlyForDeploymentPostprocessing = 0;
		};
		90EB7E6C1B82EBB8004A834F /* Resources */ = {
			isa = PBXResourcesBuildPhase;
			buildActionMask = 2147483647;
			files = (
			);
			runOnlyForDeploymentPostprocessing = 0;
		};
/* End PBXResourcesBuildPhase section */

/* Begin PBXSourcesBuildPhase section */
		90EB7E551B82EBB8004A834F /* Sources */ = {
			isa = PBXSourcesBuildPhase;
			buildActionMask = 2147483647;
			files = (
				90EB7E611B82EBB8004A834F /* ViewController.swift in Sources */,
				90EB7E5F1B82EBB8004A834F /* AppDelegate.swift in Sources */,
			);
			runOnlyForDeploymentPostprocessing = 0;
		};
		90EB7E6A1B82EBB8004A834F /* Sources */ = {
			isa = PBXSourcesBuildPhase;
			buildActionMask = 2147483647;
			files = (
				90EB7E751B82EBB8004A834F /* PhotoFiltersTests.swift in Sources */,
			);
			runOnlyForDeploymentPostprocessing = 0;
		};
/* End PBXSourcesBuildPhase section */

/* Begin PBXTargetDependency section */
		90EB7E701B82EBB8004A834F /* PBXTargetDependency */ = {
			isa = PBXTargetDependency;
			target = 90EB7E581B82EBB8004A834F /* PhotoFilters */;
			targetProxy = 90EB7E6F1B82EBB8004A834F /* PBXContainerItemProxy */;
		};
/* End PBXTargetDependency section */

/* Begin PBXVariantGroup section */
		90EB7E621B82EBB8004A834F /* Main.storyboard */ = {
			isa = PBXVariantGroup;
			children = (
				90EB7E631B82EBB8004A834F /* Base */,
			);
			name = Main.storyboard;
			sourceTree = "<group>";
		};
		90EB7E671B82EBB8004A834F /* LaunchScreen.xib */ = {
			isa = PBXVariantGroup;
			children = (
				90EB7E681B82EBB8004A834F /* Base */,
			);
			name = LaunchScreen.xib;
			sourceTree = "<group>";
		};
/* End PBXVariantGroup section */

/* Begin XCBuildConfiguration section */
		90EB7E761B82EBB8004A834F /* Debug */ = {
			isa = XCBuildConfiguration;
			buildSettings = {
				ALWAYS_SEARCH_USER_PATHS = NO;
				CLANG_CXX_LANGUAGE_STANDARD = "gnu++0x";
				CLANG_CXX_LIBRARY = "libc++";
				CLANG_ENABLE_MODULES = YES;
				CLANG_ENABLE_OBJC_ARC = YES;
				CLANG_WARN_BOOL_CONVERSION = YES;
				CLANG_WARN_CONSTANT_CONVERSION = YES;
				CLANG_WARN_DIRECT_OBJC_ISA_USAGE = YES_ERROR;
				CLANG_WARN_EMPTY_BODY = YES;
				CLANG_WARN_ENUM_CONVERSION = YES;
				CLANG_WARN_INT_CONVERSION = YES;
				CLANG_WARN_OBJC_ROOT_CLASS = YES_ERROR;
				CLANG_WARN_UNREACHABLE_CODE = YES;
				CLANG_WARN__DUPLICATE_METHOD_MATCH = YES;
				"CODE_SIGN_IDENTITY[sdk=iphoneos*]" = "iPhone Developer";
				COPY_PHASE_STRIP = NO;
				ENABLE_STRICT_OBJC_MSGSEND = YES;
				GCC_C_LANGUAGE_STANDARD = gnu99;
				GCC_DYNAMIC_NO_PIC = NO;
				GCC_OPTIMIZATION_LEVEL = 0;
				GCC_PREPROCESSOR_DEFINITIONS = (
					"DEBUG=1",
					"$(inherited)",
				);
				GCC_SYMBOLS_PRIVATE_EXTERN = NO;
				GCC_WARN_64_TO_32_BIT_CONVERSION = YES;
				GCC_WARN_ABOUT_RETURN_TYPE = YES_ERROR;
				GCC_WARN_UNDECLARED_SELECTOR = YES;
				GCC_WARN_UNINITIALIZED_AUTOS = YES_AGGRESSIVE;
				GCC_WARN_UNUSED_FUNCTION = YES;
				GCC_WARN_UNUSED_VARIABLE = YES;
				IPHONEOS_DEPLOYMENT_TARGET = 8.2;
				MTL_ENABLE_DEBUG_INFO = YES;
				ONLY_ACTIVE_ARCH = YES;
				SDKROOT = iphoneos;
				SWIFT_OPTIMIZATION_LEVEL = "-Onone";
				TARGETED_DEVICE_FAMILY = "1,2";
			};
			name = Debug;
		};
		90EB7E771B82EBB8004A834F /* Release */ = {
			isa = XCBuildConfiguration;
			buildSettings = {
				ALWAYS_SEARCH_USER_PATHS = NO;
				CLANG_CXX_LANGUAGE_STANDARD = "gnu++0x";
				CLANG_CXX_LIBRARY = "libc++";
				CLANG_ENABLE_MODULES = YES;
				CLANG_ENABLE_OBJC_ARC = YES;
				CLANG_WARN_BOOL_CONVERSION = YES;
				CLANG_WARN_CONSTANT_CONVERSION = YES;
				CLANG_WARN_DIRECT_OBJC_ISA_USAGE = YES_ERROR;
				CLANG_WARN_EMPTY_BODY = YES;
				CLANG_WARN_ENUM_CONVERSION = YES;
				CLANG_WARN_INT_CONVERSION = YES;
				CLANG_WARN_OBJC_ROOT_CLASS = YES_ERROR;
				CLANG_WARN_UNREACHABLE_CODE = YES;
				CLANG_WARN__DUPLICATE_METHOD_MATCH = YES;
				"CODE_SIGN_IDENTITY[sdk=iphoneos*]" = "iPhone Developer";
				COPY_PHASE_STRIP = NO;
				ENABLE_NS_ASSERTIONS = NO;
				ENABLE_STRICT_OBJC_MSGSEND = YES;
				GCC_C_LANGUAGE_STANDARD = gnu99;
				GCC_WARN_64_TO_32_BIT_CONVERSION = YES;
				GCC_WARN_ABOUT_RETURN_TYPE = YES_ERROR;
				GCC_WARN_UNDECLARED_SELECTOR = YES;
				GCC_WARN_UNINITIALIZED_AUTOS = YES_AGGRESSIVE;
				GCC_WARN_UNUSED_FUNCTION = YES;
				GCC_WARN_UNUSED_VARIABLE = YES;
				IPHONEOS_DEPLOYMENT_TARGET = 8.2;
				MTL_ENABLE_DEBUG_INFO = NO;
				SDKROOT = iphoneos;
				TARGETED_DEVICE_FAMILY = "1,2";
				VALIDATE_PRODUCT = YES;
			};
			name = Release;
		};
		90EB7E791B82EBB8004A834F /* Debug */ = {
			isa = XCBuildConfiguration;
			buildSettings = {
				ASSETCATALOG_COMPILER_APPICON_NAME = AppIcon;
				INFOPLIST_FILE = PhotoFilters/Info.plist;
				LD_RUNPATH_SEARCH_PATHS = "$(inherited) @executable_path/Frameworks";
				PRODUCT_NAME = "$(TARGET_NAME)";
			};
			name = Debug;
		};
		90EB7E7A1B82EBB8004A834F /* Release */ = {
			isa = XCBuildConfiguration;
			buildSettings = {
				ASSETCATALOG_COMPILER_APPICON_NAME = AppIcon;
				INFOPLIST_FILE = PhotoFilters/Info.plist;
				LD_RUNPATH_SEARCH_PATHS = "$(inherited) @executable_path/Frameworks";
				PRODUCT_NAME = "$(TARGET_NAME)";
			};
			name = Release;
		};
		90EB7E7C1B82EBB8004A834F /* Debug */ = {
			isa = XCBuildConfiguration;
			buildSettings = {
				BUNDLE_LOADER = "$(TEST_HOST)";
				FRAMEWORK_SEARCH_PATHS = (
					"$(SDKROOT)/Developer/Library/Frameworks",
					"$(inherited)",
				);
				GCC_PREPROCESSOR_DEFINITIONS = (
					"DEBUG=1",
					"$(inherited)",
				);
				INFOPLIST_FILE = PhotoFiltersTests/Info.plist;
				LD_RUNPATH_SEARCH_PATHS = "$(inherited) @executable_path/Frameworks @loader_path/Frameworks";
				PRODUCT_NAME = "$(TARGET_NAME)";
				TEST_HOST = "$(BUILT_PRODUCTS_DIR)/PhotoFilters.app/PhotoFilters";
			};
			name = Debug;
		};
		90EB7E7D1B82EBB8004A834F /* Release */ = {
			isa = XCBuildConfiguration;
			buildSettings = {
				BUNDLE_LOADER = "$(TEST_HOST)";
				FRAMEWORK_SEARCH_PATHS = (
					"$(SDKROOT)/Developer/Library/Frameworks",
					"$(inherited)",
				);
				INFOPLIST_FILE = PhotoFiltersTests/Info.plist;
				LD_RUNPATH_SEARCH_PATHS = "$(inherited) @executable_path/Frameworks @loader_path/Frameworks";
				PRODUCT_NAME = "$(TARGET_NAME)";
				TEST_HOST = "$(BUILT_PRODUCTS_DIR)/PhotoFilters.app/PhotoFilters";
			};
			name = Release;
		};
/* End XCBuildConfiguration section */

/* Begin XCConfigurationList section */
		90EB7E541B82EBB8004A834F /* Build configuration list for PBXProject "PhotoFilters" */ = {
			isa = XCConfigurationList;
			buildConfigurations = (
				90EB7E761B82EBB8004A834F /* Debug */,
				90EB7E771B82EBB8004A834F /* Release */,
			);
			defaultConfigurationIsVisible = 0;
			defaultConfigurationName = Release;
		};
		90EB7E781B82EBB8004A834F /* Build configuration list for PBXNativeTarget "PhotoFilters" */ = {
			isa = XCConfigurationList;
			buildConfigurations = (
				90EB7E791B82EBB8004A834F /* Debug */,
				90EB7E7A1B82EBB8004A834F /* Release */,
			);
			defaultConfigurationIsVisible = 0;
		};
		90EB7E7B1B82EBB8004A834F /* Build configuration list for PBXNativeTarget "PhotoFiltersTests" */ = {
			isa = XCConfigurationList;
			buildConfigurations = (
				90EB7E7C1B82EBB8004A834F /* Debug */,
				90EB7E7D1B82EBB8004A834F /* Release */,
			);
			defaultConfigurationIsVisible = 0;
		};
/* End XCConfigurationList section */
	};
	rootObject = 90EB7E511B82EBB8004A834F /* Project object */;
}
